
Microsoft Visual Studio Solution File, Format Version 12.00
# Visual Studio 15
VisualStudioVersion = 15.0.26403.7
MinimumVisualStudioVersion = 10.0.40219.1
Project("{FAE04EC0-301F-11D3-BF4B-00C04F79EFBC}") = "SchedulePlanner.Android", "SchedulePlanner\SchedulePlanner.Android\SchedulePlanner.Android.csproj", "{55564170-E56C-4C1B-A71F-EAF34B074BBF}"
EndProject
Project("{FAE04EC0-301F-11D3-BF4B-00C04F79EFBC}") = "SchedulePlanner", "SchedulePlanner\SchedulePlanner\SchedulePlanner.csproj", "{5113243C-03F5-46F7-B270-51EA67DE4CC6}"
EndProject
Project("{FAE04EC0-301F-11D3-BF4B-00C04F79EFBC}") = "SchedulePlanner.UWP", "SchedulePlanner\SchedulePlanner.UWP\SchedulePlanner.UWP.csproj", "{9E5F517E-C8CC-40F4-AFA9-3D4596AB9917}"
EndProject
Project("{FAE04EC0-301F-11D3-BF4B-00C04F79EFBC}") = "SchedulePlanner.iOS", "SchedulePlanner\SchedulePlanner.iOS\SchedulePlanner.iOS.csproj", "{E940CEF8-3D7A-4658-A850-E58E2B592D20}"
EndProject
Global
	GlobalSection(SolutionConfigurationPlatforms) = preSolution
		Ad-Hoc|Any CPU = Ad-Hoc|Any CPU
		Ad-Hoc|ARM = Ad-Hoc|ARM
		Ad-Hoc|iPhone = Ad-Hoc|iPhone
		Ad-Hoc|iPhoneSimulator = Ad-Hoc|iPhoneSimulator
		Ad-Hoc|x64 = Ad-Hoc|x64
		Ad-Hoc|x86 = Ad-Hoc|x86
		AppStore|Any CPU = AppStore|Any CPU
		AppStore|ARM = AppStore|ARM
		AppStore|iPhone = AppStore|iPhone
		AppStore|iPhoneSimulator = AppStore|iPhoneSimulator
		AppStore|x64 = AppStore|x64
		AppStore|x86 = AppStore|x86
		Debug|Any CPU = Debug|Any CPU
		Debug|ARM = Debug|ARM
		Debug|iPhone = Debug|iPhone
		Debug|iPhoneSimulator = Debug|iPhoneSimulator
		Debug|x64 = Debug|x64
		Debug|x86 = Debug|x86
		Release|Any CPU = Release|Any CPU
		Release|ARM = Release|ARM
		Release|iPhone = Release|iPhone
		Release|iPhoneSimulator = Release|iPhoneSimulator
		Release|x64 = Release|x64
		Release|x86 = Release|x86
	EndGlobalSection
	GlobalSection(ProjectConfigurationPlatforms) = postSolution
		{55564170-E56C-4C1B-A71F-EAF34B074BBF}.Ad-Hoc|Any CPU.ActiveCfg = Release|Any CPU
		{55564170-E56C-4C1B-A71F-EAF34B074BBF}.Ad-Hoc|Any CPU.Build.0 = Release|Any CPU
		{55564170-E56C-4C1B-A71F-EAF34B074BBF}.Ad-Hoc|Any CPU.Deploy.0 = Release|Any CPU
		{55564170-E56C-4C1B-A71F-EAF34B074BBF}.Ad-Hoc|ARM.ActiveCfg = Release|Any CPU
		{55564170-E56C-4C1B-A71F-EAF34B074BBF}.Ad-Hoc|ARM.Build.0 = Release|Any CPU
		{55564170-E56C-4C1B-A71F-EAF34B074BBF}.Ad-Hoc|ARM.Deploy.0 = Release|Any CPU
		{55564170-E56C-4C1B-A71F-EAF34B074BBF}.Ad-Hoc|iPhone.ActiveCfg = Release|Any CPU
		{55564170-E56C-4C1B-A71F-EAF34B074BBF}.Ad-Hoc|iPhone.Build.0 = Release|Any CPU
		{55564170-E56C-4C1B-A71F-EAF34B074BBF}.Ad-Hoc|iPhone.Deploy.0 = Release|Any CPU
		{55564170-E56C-4C1B-A71F-EAF34B074BBF}.Ad-Hoc|iPhoneSimulator.ActiveCfg = Release|Any CPU
		{55564170-E56C-4C1B-A71F-EAF34B074BBF}.Ad-Hoc|iPhoneSimulator.Build.0 = Release|Any CPU
		{55564170-E56C-4C1B-A71F-EAF34B074BBF}.Ad-Hoc|iPhoneSimulator.Deploy.0 = Release|Any CPU
		{55564170-E56C-4C1B-A71F-EAF34B074BBF}.Ad-Hoc|x64.ActiveCfg = Release|Any CPU
		{55564170-E56C-4C1B-A71F-EAF34B074BBF}.Ad-Hoc|x64.Build.0 = Release|Any CPU
		{55564170-E56C-4C1B-A71F-EAF34B074BBF}.Ad-Hoc|x64.Deploy.0 = Release|Any CPU
		{55564170-E56C-4C1B-A71F-EAF34B074BBF}.Ad-Hoc|x86.ActiveCfg = Release|Any CPU
		{55564170-E56C-4C1B-A71F-EAF34B074BBF}.Ad-Hoc|x86.Build.0 = Release|Any CPU
		{55564170-E56C-4C1B-A71F-EAF34B074BBF}.Ad-Hoc|x86.Deploy.0 = Release|Any CPU
		{55564170-E56C-4C1B-A71F-EAF34B074BBF}.AppStore|Any CPU.ActiveCfg = Release|Any CPU
		{55564170-E56C-4C1B-A71F-EAF34B074BBF}.AppStore|Any CPU.Build.0 = Release|Any CPU
		{55564170-E56C-4C1B-A71F-EAF34B074BBF}.AppStore|Any CPU.Deploy.0 = Release|Any CPU
		{55564170-E56C-4C1B-A71F-EAF34B074BBF}.AppStore|ARM.ActiveCfg = Release|Any CPU
		{55564170-E56C-4C1B-A71F-EAF34B074BBF}.AppStore|ARM.Build.0 = Release|Any CPU
		{55564170-E56C-4C1B-A71F-EAF34B074BBF}.AppStore|ARM.Deploy.0 = Release|Any CPU
		{55564170-E56C-4C1B-A71F-EAF34B074BBF}.AppStore|iPhone.ActiveCfg = Release|Any CPU
		{55564170-E56C-4C1B-A71F-EAF34B074BBF}.AppStore|iPhone.Build.0 = Release|Any CPU
		{55564170-E56C-4C1B-A71F-EAF34B074BBF}.AppStore|iPhone.Deploy.0 = Release|Any CPU
		{55564170-E56C-4C1B-A71F-EAF34B074BBF}.AppStore|iPhoneSimulator.ActiveCfg = Release|Any CPU
		{55564170-E56C-4C1B-A71F-EAF34B074BBF}.AppStore|iPhoneSimulator.Build.0 = Release|Any CPU
		{55564170-E56C-4C1B-A71F-EAF34B074BBF}.AppStore|iPhoneSimulator.Deploy.0 = Release|Any CPU
		{55564170-E56C-4C1B-A71F-EAF34B074BBF}.AppStore|x64.ActiveCfg = Release|Any CPU
		{55564170-E56C-4C1B-A71F-EAF34B074BBF}.AppStore|x64.Build.0 = Release|Any CPU
		{55564170-E56C-4C1B-A71F-EAF34B074BBF}.AppStore|x64.Deploy.0 = Release|Any CPU
		{55564170-E56C-4C1B-A71F-EAF34B074BBF}.AppStore|x86.ActiveCfg = Release|Any CPU
		{55564170-E56C-4C1B-A71F-EAF34B074BBF}.AppStore|x86.Build.0 = Release|Any CPU
		{55564170-E56C-4C1B-A71F-EAF34B074BBF}.AppStore|x86.Deploy.0 = Release|Any CPU
		{55564170-E56C-4C1B-A71F-EAF34B074BBF}.Debug|Any CPU.ActiveCfg = Debug|Any CPU
		{55564170-E56C-4C1B-A71F-EAF34B074BBF}.Debug|Any CPU.Build.0 = Debug|Any CPU
		{55564170-E56C-4C1B-A71F-EAF34B074BBF}.Debug|Any CPU.Deploy.0 = Debug|Any CPU
		{55564170-E56C-4C1B-A71F-EAF34B074BBF}.Debug|ARM.ActiveCfg = Debug|Any CPU
		{55564170-E56C-4C1B-A71F-EAF34B074BBF}.Debug|ARM.Build.0 = Debug|Any CPU
		{55564170-E56C-4C1B-A71F-EAF34B074BBF}.Debug|ARM.Deploy.0 = Debug|Any CPU
		{55564170-E56C-4C1B-A71F-EAF34B074BBF}.Debug|iPhone.ActiveCfg = Debug|Any CPU
		{55564170-E56C-4C1B-A71F-EAF34B074BBF}.Debug|iPhone.Build.0 = Debug|Any CPU
		{55564170-E56C-4C1B-A71F-EAF34B074BBF}.Debug|iPhone.Deploy.0 = Debug|Any CPU
		{55564170-E56C-4C1B-A71F-EAF34B074BBF}.Debug|iPhoneSimulator.ActiveCfg = Debug|Any CPU
		{55564170-E56C-4C1B-A71F-EAF34B074BBF}.Debug|iPhoneSimulator.Build.0 = Debug|Any CPU
		{55564170-E56C-4C1B-A71F-EAF34B074BBF}.Debug|iPhoneSimulator.Deploy.0 = Debug|Any CPU
		{55564170-E56C-4C1B-A71F-EAF34B074BBF}.Debug|x64.ActiveCfg = Debug|Any CPU
		{55564170-E56C-4C1B-A71F-EAF34B074BBF}.Debug|x64.Build.0 = Debug|Any CPU
		{55564170-E56C-4C1B-A71F-EAF34B074BBF}.Debug|x64.Deploy.0 = Debug|Any CPU
		{55564170-E56C-4C1B-A71F-EAF34B074BBF}.Debug|x86.ActiveCfg = Debug|Any CPU
		{55564170-E56C-4C1B-A71F-EAF34B074BBF}.Debug|x86.Build.0 = Debug|Any CPU
		{55564170-E56C-4C1B-A71F-EAF34B074BBF}.Debug|x86.Deploy.0 = Debug|Any CPU
		{55564170-E56C-4C1B-A71F-EAF34B074BBF}.Release|Any CPU.ActiveCfg = Release|Any CPU
		{55564170-E56C-4C1B-A71F-EAF34B074BBF}.Release|Any CPU.Build.0 = Release|Any CPU
		{55564170-E56C-4C1B-A71F-EAF34B074BBF}.Release|Any CPU.Deploy.0 = Release|Any CPU
		{55564170-E56C-4C1B-A71F-EAF34B074BBF}.Release|ARM.ActiveCfg = Release|Any CPU
		{55564170-E56C-4C1B-A71F-EAF34B074BBF}.Release|ARM.Build.0 = Release|Any CPU
		{55564170-E56C-4C1B-A71F-EAF34B074BBF}.Release|ARM.Deploy.0 = Release|Any CPU
		{55564170-E56C-4C1B-A71F-EAF34B074BBF}.Release|iPhone.ActiveCfg = Release|Any CPU
		{55564170-E56C-4C1B-A71F-EAF34B074BBF}.Release|iPhone.Build.0 = Release|Any CPU
		{55564170-E56C-4C1B-A71F-EAF34B074BBF}.Release|iPhone.Deploy.0 = Release|Any CPU
		{55564170-E56C-4C1B-A71F-EAF34B074BBF}.Release|iPhoneSimulator.ActiveCfg = Release|Any CPU
		{55564170-E56C-4C1B-A71F-EAF34B074BBF}.Release|iPhoneSimulator.Build.0 = Release|Any CPU
		{55564170-E56C-4C1B-A71F-EAF34B074BBF}.Release|iPhoneSimulator.Deploy.0 = Release|Any CPU
		{55564170-E56C-4C1B-A71F-EAF34B074BBF}.Release|x64.ActiveCfg = Release|Any CPU
		{55564170-E56C-4C1B-A71F-EAF34B074BBF}.Release|x64.Build.0 = Release|Any CPU
		{55564170-E56C-4C1B-A71F-EAF34B074BBF}.Release|x64.Deploy.0 = Release|Any CPU
		{55564170-E56C-4C1B-A71F-EAF34B074BBF}.Release|x86.ActiveCfg = Release|Any CPU
		{55564170-E56C-4C1B-A71F-EAF34B074BBF}.Release|x86.Build.0 = Release|Any CPU
		{55564170-E56C-4C1B-A71F-EAF34B074BBF}.Release|x86.Deploy.0 = Release|Any CPU
		{5113243C-03F5-46F7-B270-51EA67DE4CC6}.Ad-Hoc|Any CPU.ActiveCfg = Release|Any CPU
		{5113243C-03F5-46F7-B270-51EA67DE4CC6}.Ad-Hoc|Any CPU.Build.0 = Release|Any CPU
		{5113243C-03F5-46F7-B270-51EA67DE4CC6}.Ad-Hoc|ARM.ActiveCfg = Release|Any CPU
		{5113243C-03F5-46F7-B270-51EA67DE4CC6}.Ad-Hoc|ARM.Build.0 = Release|Any CPU
		{5113243C-03F5-46F7-B270-51EA67DE4CC6}.Ad-Hoc|iPhone.ActiveCfg = Release|Any CPU
		{5113243C-03F5-46F7-B270-51EA67DE4CC6}.Ad-Hoc|iPhone.Build.0 = Release|Any CPU
		{5113243C-03F5-46F7-B270-51EA67DE4CC6}.Ad-Hoc|iPhoneSimulator.ActiveCfg = Release|Any CPU
		{5113243C-03F5-46F7-B270-51EA67DE4CC6}.Ad-Hoc|iPhoneSimulator.Build.0 = Release|Any CPU
		{5113243C-03F5-46F7-B270-51EA67DE4CC6}.Ad-Hoc|x64.ActiveCfg = Release|Any CPU
		{5113243C-03F5-46F7-B270-51EA67DE4CC6}.Ad-Hoc|x64.Build.0 = Release|Any CPU
		{5113243C-03F5-46F7-B270-51EA67DE4CC6}.Ad-Hoc|x86.ActiveCfg = Release|Any CPU
		{5113243C-03F5-46F7-B270-51EA67DE4CC6}.Ad-Hoc|x86.Build.0 = Release|Any CPU
		{5113243C-03F5-46F7-B270-51EA67DE4CC6}.AppStore|Any CPU.ActiveCfg = Release|Any CPU
		{5113243C-03F5-46F7-B270-51EA67DE4CC6}.AppStore|Any CPU.Build.0 = Release|Any CPU
		{5113243C-03F5-46F7-B270-51EA67DE4CC6}.AppStore|ARM.ActiveCfg = Release|Any CPU
		{5113243C-03F5-46F7-B270-51EA67DE4CC6}.AppStore|ARM.Build.0 = Release|Any CPU
		{5113243C-03F5-46F7-B270-51EA67DE4CC6}.AppStore|iPhone.ActiveCfg = Release|Any CPU
		{5113243C-03F5-46F7-B270-51EA67DE4CC6}.AppStore|iPhone.Build.0 = Release|Any CPU
		{5113243C-03F5-46F7-B270-51EA67DE4CC6}.AppStore|iPhoneSimulator.ActiveCfg = Release|Any CPU
		{5113243C-03F5-46F7-B270-51EA67DE4CC6}.AppStore|iPhoneSimulator.Build.0 = Release|Any CPU
		{5113243C-03F5-46F7-B270-51EA67DE4CC6}.AppStore|x64.ActiveCfg = Release|Any CPU
		{5113243C-03F5-46F7-B270-51EA67DE4CC6}.AppStore|x64.Build.0 = Release|Any CPU
		{5113243C-03F5-46F7-B270-51EA67DE4CC6}.AppStore|x86.ActiveCfg = Release|Any CPU
		{5113243C-03F5-46F7-B270-51EA67DE4CC6}.AppStore|x86.Build.0 = Release|Any CPU
		{5113243C-03F5-46F7-B270-51EA67DE4CC6}.Debug|Any CPU.ActiveCfg = Debug|Any CPU
		{5113243C-03F5-46F7-B270-51EA67DE4CC6}.Debug|Any CPU.Build.0 = Debug|Any CPU
		{5113243C-03F5-46F7-B270-51EA67DE4CC6}.Debug|ARM.ActiveCfg = Debug|Any CPU
		{5113243C-03F5-46F7-B270-51EA67DE4CC6}.Debug|ARM.Build.0 = Debug|Any CPU
		{5113243C-03F5-46F7-B270-51EA67DE4CC6}.Debug|iPhone.ActiveCfg = Debug|Any CPU
		{5113243C-03F5-46F7-B270-51EA67DE4CC6}.Debug|iPhone.Build.0 = Debug|Any CPU
		{5113243C-03F5-46F7-B270-51EA67DE4CC6}.Debug|iPhoneSimulator.ActiveCfg = Debug|Any CPU
		{5113243C-03F5-46F7-B270-51EA67DE4CC6}.Debug|iPhoneSimulator.Build.0 = Debug|Any CPU
		{5113243C-03F5-46F7-B270-51EA67DE4CC6}.Debug|x64.ActiveCfg = Debug|Any CPU
		{5113243C-03F5-46F7-B270-51EA67DE4CC6}.Debug|x64.Build.0 = Debug|Any CPU
		{5113243C-03F5-46F7-B270-51EA67DE4CC6}.Debug|x86.ActiveCfg = Debug|Any CPU
		{5113243C-03F5-46F7-B270-51EA67DE4CC6}.Debug|x86.Build.0 = Debug|Any CPU
		{5113243C-03F5-46F7-B270-51EA67DE4CC6}.Release|Any CPU.ActiveCfg = Release|Any CPU
		{5113243C-03F5-46F7-B270-51EA67DE4CC6}.Release|Any CPU.Build.0 = Release|Any CPU
		{5113243C-03F5-46F7-B270-51EA67DE4CC6}.Release|ARM.ActiveCfg = Release|Any CPU
		{5113243C-03F5-46F7-B270-51EA67DE4CC6}.Release|ARM.Build.0 = Release|Any CPU
		{5113243C-03F5-46F7-B270-51EA67DE4CC6}.Release|iPhone.ActiveCfg = Release|Any CPU
		{5113243C-03F5-46F7-B270-51EA67DE4CC6}.Release|iPhone.Build.0 = Release|Any CPU
		{5113243C-03F5-46F7-B270-51EA67DE4CC6}.Release|iPhoneSimulator.ActiveCfg = Release|Any CPU
		{5113243C-03F5-46F7-B270-51EA67DE4CC6}.Release|iPhoneSimulator.Build.0 = Release|Any CPU
		{5113243C-03F5-46F7-B270-51EA67DE4CC6}.Release|x64.ActiveCfg = Release|Any CPU
		{5113243C-03F5-46F7-B270-51EA67DE4CC6}.Release|x64.Build.0 = Release|Any CPU
		{5113243C-03F5-46F7-B270-51EA67DE4CC6}.Release|x86.ActiveCfg = Release|Any CPU
		{5113243C-03F5-46F7-B270-51EA67DE4CC6}.Release|x86.Build.0 = Release|Any CPU
		{9E5F517E-C8CC-40F4-AFA9-3D4596AB9917}.Ad-Hoc|Any CPU.ActiveCfg = Release|x86
		{9E5F517E-C8CC-40F4-AFA9-3D4596AB9917}.Ad-Hoc|Any CPU.Build.0 = Release|x86
		{9E5F517E-C8CC-40F4-AFA9-3D4596AB9917}.Ad-Hoc|Any CPU.Deploy.0 = Release|x86
		{9E5F517E-C8CC-40F4-AFA9-3D4596AB9917}.Ad-Hoc|ARM.ActiveCfg = Release|ARM
		{9E5F517E-C8CC-40F4-AFA9-3D4596AB9917}.Ad-Hoc|ARM.Build.0 = Release|ARM
		{9E5F517E-C8CC-40F4-AFA9-3D4596AB9917}.Ad-Hoc|ARM.Deploy.0 = Release|ARM
		{9E5F517E-C8CC-40F4-AFA9-3D4596AB9917}.Ad-Hoc|iPhone.ActiveCfg = Release|x86
		{9E5F517E-C8CC-40F4-AFA9-3D4596AB9917}.Ad-Hoc|iPhone.Build.0 = Release|x86
		{9E5F517E-C8CC-40F4-AFA9-3D4596AB9917}.Ad-Hoc|iPhone.Deploy.0 = Release|x86
		{9E5F517E-C8CC-40F4-AFA9-3D4596AB9917}.Ad-Hoc|iPhoneSimulator.ActiveCfg = Release|x86
		{9E5F517E-C8CC-40F4-AFA9-3D4596AB9917}.Ad-Hoc|iPhoneSimulator.Build.0 = Release|x86
		{9E5F517E-C8CC-40F4-AFA9-3D4596AB9917}.Ad-Hoc|iPhoneSimulator.Deploy.0 = Release|x86
		{9E5F517E-C8CC-40F4-AFA9-3D4596AB9917}.Ad-Hoc|x64.ActiveCfg = Release|x64
		{9E5F517E-C8CC-40F4-AFA9-3D4596AB9917}.Ad-Hoc|x64.Build.0 = Release|x64
		{9E5F517E-C8CC-40F4-AFA9-3D4596AB9917}.Ad-Hoc|x64.Deploy.0 = Release|x64
		{9E5F517E-C8CC-40F4-AFA9-3D4596AB9917}.Ad-Hoc|x86.ActiveCfg = Release|x86
		{9E5F517E-C8CC-40F4-AFA9-3D4596AB9917}.Ad-Hoc|x86.Build.0 = Release|x86
		{9E5F517E-C8CC-40F4-AFA9-3D4596AB9917}.Ad-Hoc|x86.Deploy.0 = Release|x86
		{9E5F517E-C8CC-40F4-AFA9-3D4596AB9917}.AppStore|Any CPU.ActiveCfg = Release|x86
		{9E5F517E-C8CC-40F4-AFA9-3D4596AB9917}.AppStore|Any CPU.Build.0 = Release|x86
		{9E5F517E-C8CC-40F4-AFA9-3D4596AB9917}.AppStore|Any CPU.Deploy.0 = Release|x86
		{9E5F517E-C8CC-40F4-AFA9-3D4596AB9917}.AppStore|ARM.ActiveCfg = Release|ARM
		{9E5F517E-C8CC-40F4-AFA9-3D4596AB9917}.AppStore|ARM.Build.0 = Release|ARM
		{9E5F517E-C8CC-40F4-AFA9-3D4596AB9917}.AppStore|ARM.Deploy.0 = Release|ARM
		{9E5F517E-C8CC-40F4-AFA9-3D4596AB9917}.AppStore|iPhone.ActiveCfg = Release|x86
		{9E5F517E-C8CC-40F4-AFA9-3D4596AB9917}.AppStore|iPhone.Build.0 = Release|x86
		{9E5F517E-C8CC-40F4-AFA9-3D4596AB9917}.AppStore|iPhone.Deploy.0 = Release|x86
		{9E5F517E-C8CC-40F4-AFA9-3D4596AB9917}.AppStore|iPhoneSimulator.ActiveCfg = Release|x86
		{9E5F517E-C8CC-40F4-AFA9-3D4596AB9917}.AppStore|iPhoneSimulator.Build.0 = Release|x86
		{9E5F517E-C8CC-40F4-AFA9-3D4596AB9917}.AppStore|iPhoneSimulator.Deploy.0 = Release|x86
		{9E5F517E-C8CC-40F4-AFA9-3D4596AB9917}.AppStore|x64.ActiveCfg = Release|x64
		{9E5F517E-C8CC-40F4-AFA9-3D4596AB9917}.AppStore|x64.Build.0 = Release|x64
		{9E5F517E-C8CC-40F4-AFA9-3D4596AB9917}.AppStore|x64.Deploy.0 = Release|x64
		{9E5F517E-C8CC-40F4-AFA9-3D4596AB9917}.AppStore|x86.ActiveCfg = Release|x86
		{9E5F517E-C8CC-40F4-AFA9-3D4596AB9917}.AppStore|x86.Build.0 = Release|x86
		{9E5F517E-C8CC-40F4-AFA9-3D4596AB9917}.AppStore|x86.Deploy.0 = Release|x86
		{9E5F517E-C8CC-40F4-AFA9-3D4596AB9917}.Debug|Any CPU.ActiveCfg = Debug|x86
		{9E5F517E-C8CC-40F4-AFA9-3D4596AB9917}.Debug|Any CPU.Build.0 = Debug|x86
		{9E5F517E-C8CC-40F4-AFA9-3D4596AB9917}.Debug|Any CPU.Deploy.0 = Debug|x86
		{9E5F517E-C8CC-40F4-AFA9-3D4596AB9917}.Debug|ARM.ActiveCfg = Debug|ARM
		{9E5F517E-C8CC-40F4-AFA9-3D4596AB9917}.Debug|ARM.Build.0 = Debug|ARM
		{9E5F517E-C8CC-40F4-AFA9-3D4596AB9917}.Debug|ARM.Deploy.0 = Debug|ARM
		{9E5F517E-C8CC-40F4-AFA9-3D4596AB9917}.Debug|iPhone.ActiveCfg = Debug|x86
		{9E5F517E-C8CC-40F4-AFA9-3D4596AB9917}.Debug|iPhoneSimulator.ActiveCfg = Debug|x86
		{9E5F517E-C8CC-40F4-AFA9-3D4596AB9917}.Debug|x64.ActiveCfg = Debug|x64
		{9E5F517E-C8CC-40F4-AFA9-3D4596AB9917}.Debug|x64.Build.0 = Debug|x64
		{9E5F517E-C8CC-40F4-AFA9-3D4596AB9917}.Debug|x64.Deploy.0 = Debug|x64
		{9E5F517E-C8CC-40F4-AFA9-3D4596AB9917}.Debug|x86.ActiveCfg = Debug|x86
		{9E5F517E-C8CC-40F4-AFA9-3D4596AB9917}.Debug|x86.Build.0 = Debug|x86
		{9E5F517E-C8CC-40F4-AFA9-3D4596AB9917}.Debug|x86.Deploy.0 = Debug|x86
		{9E5F517E-C8CC-40F4-AFA9-3D4596AB9917}.Release|Any CPU.ActiveCfg = Release|x86
		{9E5F517E-C8CC-40F4-AFA9-3D4596AB9917}.Release|ARM.ActiveCfg = Release|ARM
		{9E5F517E-C8CC-40F4-AFA9-3D4596AB9917}.Release|ARM.Build.0 = Release|ARM
		{9E5F517E-C8CC-40F4-AFA9-3D4596AB9917}.Release|ARM.Deploy.0 = Release|ARM
		{9E5F517E-C8CC-40F4-AFA9-3D4596AB9917}.Release|iPhone.ActiveCfg = Release|x86
		{9E5F517E-C8CC-40F4-AFA9-3D4596AB9917}.Release|iPhoneSimulator.ActiveCfg = Release|x86
		{9E5F517E-C8CC-40F4-AFA9-3D4596AB9917}.Release|x64.ActiveCfg = Release|x64
		{9E5F517E-C8CC-40F4-AFA9-3D4596AB9917}.Release|x64.Build.0 = Release|x64
		{9E5F517E-C8CC-40F4-AFA9-3D4596AB9917}.Release|x64.Deploy.0 = Release|x64
		{9E5F517E-C8CC-40F4-AFA9-3D4596AB9917}.Release|x86.ActiveCfg = Release|x86
		{9E5F517E-C8CC-40F4-AFA9-3D4596AB9917}.Release|x86.Build.0 = Release|x86
		{9E5F517E-C8CC-40F4-AFA9-3D4596AB9917}.Release|x86.Deploy.0 = Release|x86
		{E940CEF8-3D7A-4658-A850-E58E2B592D20}.Ad-Hoc|Any CPU.ActiveCfg = Ad-Hoc|iPhone
		{E940CEF8-3D7A-4658-A850-E58E2B592D20}.Ad-Hoc|ARM.ActiveCfg = Ad-Hoc|iPhone
		{E940CEF8-3D7A-4658-A850-E58E2B592D20}.Ad-Hoc|iPhone.ActiveCfg = Ad-Hoc|iPhone
		{E940CEF8-3D7A-4658-A850-E58E2B592D20}.Ad-Hoc|iPhone.Build.0 = Ad-Hoc|iPhone
		{E940CEF8-3D7A-4658-A850-E58E2B592D20}.Ad-Hoc|iPhoneSimulator.ActiveCfg = Ad-Hoc|iPhoneSimulator
		{E940CEF8-3D7A-4658-A850-E58E2B592D20}.Ad-Hoc|iPhoneSimulator.Build.0 = Ad-Hoc|iPhoneSimulator
		{E940CEF8-3D7A-4658-A850-E58E2B592D20}.Ad-Hoc|x64.ActiveCfg = Ad-Hoc|iPhone
		{E940CEF8-3D7A-4658-A850-E58E2B592D20}.Ad-Hoc|x86.ActiveCfg = Ad-Hoc|iPhone
		{E940CEF8-3D7A-4658-A850-E58E2B592D20}.AppStore|Any CPU.ActiveCfg = AppStore|iPhone
		{E940CEF8-3D7A-4658-A850-E58E2B592D20}.AppStore|ARM.ActiveCfg = AppStore|iPhone
		{E940CEF8-3D7A-4658-A850-E58E2B592D20}.AppStore|iPhone.ActiveCfg = AppStore|iPhone
		{E940CEF8-3D7A-4658-A850-E58E2B592D20}.AppStore|iPhone.Build.0 = AppStore|iPhone
		{E940CEF8-3D7A-4658-A850-E58E2B592D20}.AppStore|iPhoneSimulator.ActiveCfg = AppStore|iPhoneSimulator
		{E940CEF8-3D7A-4658-A850-E58E2B592D20}.AppStore|iPhoneSimulator.Build.0 = AppStore|iPhoneSimulator
		{E940CEF8-3D7A-4658-A850-E58E2B592D20}.AppStore|x64.ActiveCfg = AppStore|iPhone
		{E940CEF8-3D7A-4658-A850-E58E2B592D20}.AppStore|x86.ActiveCfg = AppStore|iPhone
		{E940CEF8-3D7A-4658-A850-E58E2B592D20}.Debug|Any CPU.ActiveCfg = Debug|iPhone
		{E940CEF8-3D7A-4658-A850-E58E2B592D20}.Debug|ARM.ActiveCfg = Debug|iPhone
		{E940CEF8-3D7A-4658-A850-E58E2B592D20}.Debug|iPhone.ActiveCfg = Debug|iPhone
		{E940CEF8-3D7A-4658-A850-E58E2B592D20}.Debug|iPhone.Build.0 = Debug|iPhone
		{E940CEF8-3D7A-4658-A850-E58E2B592D20}.Debug|iPhoneSimulator.ActiveCfg = Debug|iPhoneSimulator
		{E940CEF8-3D7A-4658-A850-E58E2B592D20}.Debug|iPhoneSimulator.Build.0 = Debug|iPhoneSimulator
		{E940CEF8-3D7A-4658-A850-E58E2B592D20}.Debug|x64.ActiveCfg = Debug|iPhone
		{E940CEF8-3D7A-4658-A850-E58E2B592D20}.Debug|x86.ActiveCfg = Debug|iPhone
		{E940CEF8-3D7A-4658-A850-E58E2B592D20}.Release|Any CPU.ActiveCfg = Release|iPhone
		{E940CEF8-3D7A-4658-A850-E58E2B592D20}.Release|ARM.ActiveCfg = Release|iPhone
		{E940CEF8-3D7A-4658-A850-E58E2B592D20}.Release|iPhone.ActiveCfg = Release|iPhone
		{E940CEF8-3D7A-4658-A850-E58E2B592D20}.Release|iPhone.Build.0 = Release|iPhone
		{E940CEF8-3D7A-4658-A850-E58E2B592D20}.Release|iPhoneSimulator.ActiveCfg = Release|iPhoneSimulator
		{E940CEF8-3D7A-4658-A850-E58E2B592D20}.Release|iPhoneSimulator.Build.0 = Release|iPhoneSimulator
		{E940CEF8-3D7A-4658-A850-E58E2B592D20}.Release|x64.ActiveCfg = Release|iPhone
		{E940CEF8-3D7A-4658-A850-E58E2B592D20}.Release|x86.ActiveCfg = Release|iPhone
	EndGlobalSection
	GlobalSection(SolutionProperties) = preSolution
		HideSolutionNode = FALSE
	EndGlobalSection
EndGlobal
